
Microsoft Visual Studio Solution File, Format Version 12.00
# Visual Studio 15
VisualStudioVersion = 15.0.27428.2015
MinimumVisualStudioVersion = 10.0.40219.1
Project("{8BC9CEB8-8B4A-11D0-8D11-00A0C91BC942}") = "SignalProcessingTest", "SignalProcessingTest\SignalProcessingTest.vcxproj", "{329C13EB-2F6C-4A5A-8CEC-81C248431900}"
EndProject
Global
	GlobalSection(SolutionConfigurationPlatforms) = preSolution
		Debug|x64 = Debug|x64
		Debug|x86 = Debug|x86
		Release|x64 = Release|x64
		Release|x86 = Release|x86
	EndGlobalSection
	GlobalSection(ProjectConfigurationPlatforms) = postSolution
		{329C13EB-2F6C-4A5A-8CEC-81C248431900}.Debug|x64.ActiveCfg = Debug|x64
		{329C13EB-2F6C-4A5A-8CEC-81C248431900}.Debug|x64.Build.0 = Debug|x64
		{329C13EB-2F6C-4A5A-8CEC-81C248431900}.Debug|x86.ActiveCfg = Debug|Win32
		{329C13EB-2F6C-4A5A-8CEC-81C248431900}.Debug|x86.Build.0 = Debug|Win32
		{329C13EB-2F6C-4A5A-8CEC-81C248431900}.Release|x64.ActiveCfg = Release|x64
		{329C13EB-2F6C-4A5A-8CEC-81C248431900}.Release|x64.Build.0 = Release|x64
		{329C13EB-2F6C-4A5A-8CEC-81C248431900}.Release|x86.ActiveCfg = Release|Win32
		{329C13EB-2F6C-4A5A-8CEC-81C248431900}.Release|x86.Build.0 = Release|Win32
	EndGlobalSection
	GlobalSection(SolutionProperties) = preSolution
		HideSolutionNode = FALSE
	EndGlobalSection
	GlobalSection(ExtensibilityGlobals) = postSolution
		SolutionGuid = {04A03090-C4F8-4EAA-9BBD-5D28FB0FD2BA}
	EndGlobalSection
EndGlobal
